<?xml version="1.0" encoding="utf-8"?>
<Project ToolsVersion="4.0" xmlns="http://schemas.microsoft.com/developer/msbuild/2003">
  <ItemGroup>
    <Filter Include="Source Files">
      <UniqueIdentifier>{4FC737F1-C7A5-4376-A066-2A32D752A2FF}</UniqueIdentifier>
      <Extensions>cpp;c;cc;cxx;c++;cppm;ixx;def;odl;idl;hpj;bat;asm;asmx</Extensions>
    </Filter>
    <Filter Include="Header Files">
      <UniqueIdentifier>{93995380-89BD-4b04-88EB-625FBE52EBFB}</UniqueIdentifier>
      <Extensions>h;hh;hpp;hxx;h++;hm;inl;inc;ipp;xsd</Extensions>
    </Filter>
    <Filter Include="Resource Files">
      <UniqueIdentifier>{67DA6AB6-F800-4c08-8B7A-83BB121AAD01}</UniqueIdentifier>
      <Extensions>rc;ico;cur;bmp;dlg;rc2;rct;bin;rgs;gif;jpg;jpeg;jpe;resx;tiff;tif;png;wav;mfcribbon-ms</Extensions>
    </Filter>
  </ItemGroup>
  <ItemGroup>
    <ClCompile Include="Main.cpp">
      <Filter>Source Files</Filter>
    </ClCompile>
    <ClCompile Include="Benefit.cpp">
      <Filter>Source Files</Filter>
    </ClCompile>
    <ClCompile Include="Car.cpp">
      <Filter>Source Files</Filter>
    </ClCompile>
    <ClCompile Include="TheRide.cpp">
      <Filter>Source Files</Filter>
    </ClCompile>
    <ClCompile Include="Client.cpp">
      <Filter>Source Files</Filter>
    </ClCompile>
    <ClCompile Include="Ticket.cpp">
      <Filter>Source Files</Filter>
    </ClCompile>
    <ClCompile Include="TheRideManagement.cpp">
      <Filter>Source Files</Filter>
    </ClCompile>
    <ClCompile Include="CarManagement.cpp">
      <Filter>Source Files</Filter>
    </ClCompile>
    <ClCompile Include="TicketManagement.cpp">
      <Filter>Source Files</Filter>
    </ClCompile>
    <ClCompile Include="StatisticalReport.cpp">
      <Filter>Source Files</Filter>
    </ClCompile>
    <ClCompile Include="SystemManagement.cpp">
      <Filter>Source Files</Filter>
    </ClCompile>
    <ClCompile Include="CustomerTripLookup.cpp">
      <Filter>Source Files</Filter>
    </ClCompile>
    <ClCompile Include="CustomerDisplayTheRide.cpp">
      <Filter>Source Files</Filter>
    </ClCompile>
    <ClCompile Include="BookTickets.cpp">
      <Filter>Source Files</Filter>
    </ClCompile>
    <ClCompile Include="Payment.cpp">
      <Filter>Source Files</Filter>
    </ClCompile>
    <ClCompile Include="PayByCreditCard.cpp">
      <Filter>Source Files</Filter>
    </ClCompile>
    <ClCompile Include="PaymentByBankTransfer.cpp">
      <Filter>Source Files</Filter>
    </ClCompile>
    <ClCompile Include="PaymentByEWallet.cpp">
      <Filter>Source Files</Filter>
    </ClCompile>
    <ClCompile Include="CashOnDelivery.cpp">
      <Filter>Source Files</Filter>
    </ClCompile>
    <ClCompile Include="DisplayPayment.cpp">
      <Filter>Source Files</Filter>
    </ClCompile>
    <ClCompile Include="TicketManagementCustomer.cpp">
      <Filter>Source Files</Filter>
    </ClCompile>
    <ClCompile Include="SystemFunctionCustomer.cpp">
      <Filter>Source Files</Filter>
    </ClCompile>
    <ClCompile Include="Account.cpp">
      <Filter>Source Files</Filter>
    </ClCompile>
    <ClCompile Include="Access.cpp">
      <Filter>Source Files</Filter>
    </ClCompile>
    <ClCompile Include="DesigneStrategy.cpp">
      <Filter>Source Files</Filter>
    </ClCompile>
  </ItemGroup>
  <ItemGroup>
    <ClInclude Include="Benefit.h">
      <Filter>Header Files</Filter>
    </ClInclude>
    <ClInclude Include="Car.h">
      <Filter>Header Files</Filter>
    </ClInclude>
    <ClInclude Include="TheRide.h">
      <Filter>Header Files</Filter>
    </ClInclude>
    <ClInclude Include="Client.h">
      <Filter>Header Files</Filter>
    </ClInclude>
    <ClInclude Include="Ticket.h">
      <Filter>Header Files</Filter>
    </ClInclude>
    <ClInclude Include="TheRideManagement.h">
      <Filter>Header Files</Filter>
    </ClInclude>
    <ClInclude Include="CarManagement.h">
      <Filter>Header Files</Filter>
    </ClInclude>
    <ClInclude Include="TicketManagement.h">
      <Filter>Header Files</Filter>
    </ClInclude>
    <ClInclude Include="StatisticalReport.h">
      <Filter>Header Files</Filter>
    </ClInclude>
    <ClInclude Include="SystemManagement.h">
      <Filter>Header Files</Filter>
    </ClInclude>
    <ClInclude Include="CustomerTripLookup.h">
      <Filter>Header Files</Filter>
    </ClInclude>
    <ClInclude Include="CustomerDisplayTheRide.h">
      <Filter>Header Files</Filter>
    </ClInclude>
    <ClInclude Include="BookTickets.h">
      <Filter>Header Files</Filter>
    </ClInclude>
    <ClInclude Include="Payment.h">
      <Filter>Header Files</Filter>
    </ClInclude>
    <ClInclude Include="PayByCreditCard.h">
      <Filter>Header Files</Filter>
    </ClInclude>
    <ClInclude Include="PaymentByBankTransfer.h">
      <Filter>Header Files</Filter>
    </ClInclude>
    <ClInclude Include="PaymentByEWallet.h">
      <Filter>Header Files</Filter>
    </ClInclude>
    <ClInclude Include="CashOnDelivery.h">
      <Filter>Header Files</Filter>
    </ClInclude>
    <ClInclude Include="DisplayPayment.h">
      <Filter>Header Files</Filter>
    </ClInclude>
    <ClInclude Include="TicketManagementCustomer.h">
      <Filter>Header Files</Filter>
    </ClInclude>
    <ClInclude Include="SystemFunctionCustomer.h">
      <Filter>Header Files</Filter>
    </ClInclude>
    <ClInclude Include="Account.h">
      <Filter>Header Files</Filter>
    </ClInclude>
    <ClInclude Include="Access.h">
      <Filter>Header Files</Filter>
    </ClInclude>
    <ClInclude Include="DesigneStrategy.h">
      <Filter>Header Files</Filter>
    </ClInclude>
  </ItemGroup>
</Project>